
Microsoft Visual Studio Solution File, Format Version 12.00
# Visual Studio Version 17
VisualStudioVersion = 17.3.32811.315
MinimumVisualStudioVersion = 10.0.40219.1
Project("{2150E333-8FDC-42A3-9474-1A3956D46DE8}") = "src", "src", "{064FD932-FF5F-471B-9F50-EA2115ACE53F}"
EndProject
Project("{2150E333-8FDC-42A3-9474-1A3956D46DE8}") = "Clients", "Clients", "{976A9DE6-7667-4483-AD68-3B730762F1BC}"
EndProject
Project("{2150E333-8FDC-42A3-9474-1A3956D46DE8}") = "Services", "Services", "{40886AA2-5A19-46F9-B21A-EBD99230259B}"
EndProject
Project("{2150E333-8FDC-42A3-9474-1A3956D46DE8}") = "Bookings", "Bookings", "{4C248DF4-3172-4CAF-A6C7-230ED88617EB}"
	ProjectSection(SolutionItems) = preProject
		src\Services\Bookings\Dockerfile = src\Services\Bookings\Dockerfile
	EndProjectSection
EndProject
Project("{2150E333-8FDC-42A3-9474-1A3956D46DE8}") = "Gateway", "Gateway", "{A45CEC2B-F3FB-4014-84C1-914B503DD214}"
	ProjectSection(SolutionItems) = preProject
		src\Services\Gateway\Dockerfile = src\Services\Gateway\Dockerfile
	EndProjectSection
EndProject
Project("{2150E333-8FDC-42A3-9474-1A3956D46DE8}") = "Identity", "Identity", "{638AFD1E-C944-4394-863A-F93AED510F4B}"
	ProjectSection(SolutionItems) = preProject
		src\Services\Identity\Dockerfile = src\Services\Identity\Dockerfile
	EndProjectSection
EndProject
Project("{2150E333-8FDC-42A3-9474-1A3956D46DE8}") = "Rooms", "Rooms", "{41B79969-065A-4A18-B686-9FBC1F4DB979}"
	ProjectSection(SolutionItems) = preProject
		src\Services\Rooms\Dockerfile = src\Services\Rooms\Dockerfile
	EndProjectSection
EndProject
Project("{2150E333-8FDC-42A3-9474-1A3956D46DE8}") = "Users", "Users", "{DE7FD5D7-5BCF-4245-8E95-22F766A5DC49}"
	ProjectSection(SolutionItems) = preProject
		src\Services\Users\Dockerfile = src\Services\Users\Dockerfile
	EndProjectSection
EndProject
Project("{9A19103F-16F7-4668-BE54-9A1E7A4F7556}") = "Booking.API", "src\Services\Bookings\Booking.API\Booking.API.csproj", "{B11D98EE-11BE-489E-AFBA-318329BAF364}"
EndProject
Project("{9A19103F-16F7-4668-BE54-9A1E7A4F7556}") = "Gateway.API", "src\Services\Gateway\Gateway.API\Gateway.API.csproj", "{B41F4BA8-E037-4F3B-A707-9EBE5F211084}"
EndProject
Project("{9A19103F-16F7-4668-BE54-9A1E7A4F7556}") = "Identity.API", "src\Services\Identity\Identity.API\Identity.API.csproj", "{CD4E3914-704A-44EF-8E49-8AAC808EF6A6}"
EndProject
Project("{9A19103F-16F7-4668-BE54-9A1E7A4F7556}") = "Room.API", "src\Services\Rooms\Room.API\Room.API.csproj", "{46B6F35E-E371-4C4C-9BED-91254E11FEFB}"
EndProject
Project("{9A19103F-16F7-4668-BE54-9A1E7A4F7556}") = "User.API", "src\Services\Users\User.API\User.API.csproj", "{9E5707BC-6E7B-4FDA-AD4C-6AE1AC5F6408}"
EndProject
Project("{54A90642-561A-4BB1-A94E-469ADEE60C69}") = "Angular.SPA", "src\Clients\Angular.SPA\Angular.SPA.esproj", "{40026E43-CB8A-4B0C-A727-A997C81BF2B8}"
EndProject
Project("{2150E333-8FDC-42A3-9474-1A3956D46DE8}") = "deploy", "deploy", "{3CFB4F39-F17F-4B7A-872A-44472BA98933}"
EndProject
Project("{2150E333-8FDC-42A3-9474-1A3956D46DE8}") = "local", "local", "{FD3999B5-9E28-4433-B990-D831D80B426A}"
EndProject
Project("{2150E333-8FDC-42A3-9474-1A3956D46DE8}") = "raspberry", "raspberry", "{1EE376E7-4366-4265-BEE0-A5DF31B616A5}"
EndProject
Project("{E53339B2-1760-4266-BCC7-CA923CBCF16C}") = "docker-compose", "deploy\local\docker-compose.dcproj", "{1DC3729E-0E40-491B-B76B-8413EFF5E526}"
EndProject
Global
	GlobalSection(SolutionConfigurationPlatforms) = preSolution
		Debug|Any CPU = Debug|Any CPU
		Release|Any CPU = Release|Any CPU
	EndGlobalSection
	GlobalSection(ProjectConfigurationPlatforms) = postSolution
		{B11D98EE-11BE-489E-AFBA-318329BAF364}.Debug|Any CPU.ActiveCfg = Debug|Any CPU
		{B11D98EE-11BE-489E-AFBA-318329BAF364}.Debug|Any CPU.Build.0 = Debug|Any CPU
		{B11D98EE-11BE-489E-AFBA-318329BAF364}.Release|Any CPU.ActiveCfg = Release|Any CPU
		{B11D98EE-11BE-489E-AFBA-318329BAF364}.Release|Any CPU.Build.0 = Release|Any CPU
		{B41F4BA8-E037-4F3B-A707-9EBE5F211084}.Debug|Any CPU.ActiveCfg = Debug|Any CPU
		{B41F4BA8-E037-4F3B-A707-9EBE5F211084}.Debug|Any CPU.Build.0 = Debug|Any CPU
		{B41F4BA8-E037-4F3B-A707-9EBE5F211084}.Release|Any CPU.ActiveCfg = Release|Any CPU
		{B41F4BA8-E037-4F3B-A707-9EBE5F211084}.Release|Any CPU.Build.0 = Release|Any CPU
		{CD4E3914-704A-44EF-8E49-8AAC808EF6A6}.Debug|Any CPU.ActiveCfg = Debug|Any CPU
		{CD4E3914-704A-44EF-8E49-8AAC808EF6A6}.Debug|Any CPU.Build.0 = Debug|Any CPU
		{CD4E3914-704A-44EF-8E49-8AAC808EF6A6}.Release|Any CPU.ActiveCfg = Release|Any CPU
		{CD4E3914-704A-44EF-8E49-8AAC808EF6A6}.Release|Any CPU.Build.0 = Release|Any CPU
		{46B6F35E-E371-4C4C-9BED-91254E11FEFB}.Debug|Any CPU.ActiveCfg = Debug|Any CPU
		{46B6F35E-E371-4C4C-9BED-91254E11FEFB}.Debug|Any CPU.Build.0 = Debug|Any CPU
		{46B6F35E-E371-4C4C-9BED-91254E11FEFB}.Release|Any CPU.ActiveCfg = Release|Any CPU
		{46B6F35E-E371-4C4C-9BED-91254E11FEFB}.Release|Any CPU.Build.0 = Release|Any CPU
		{9E5707BC-6E7B-4FDA-AD4C-6AE1AC5F6408}.Debug|Any CPU.ActiveCfg = Debug|Any CPU
		{9E5707BC-6E7B-4FDA-AD4C-6AE1AC5F6408}.Debug|Any CPU.Build.0 = Debug|Any CPU
		{9E5707BC-6E7B-4FDA-AD4C-6AE1AC5F6408}.Release|Any CPU.ActiveCfg = Release|Any CPU
		{9E5707BC-6E7B-4FDA-AD4C-6AE1AC5F6408}.Release|Any CPU.Build.0 = Release|Any CPU
		{40026E43-CB8A-4B0C-A727-A997C81BF2B8}.Debug|Any CPU.ActiveCfg = Debug|Any CPU
		{40026E43-CB8A-4B0C-A727-A997C81BF2B8}.Debug|Any CPU.Build.0 = Debug|Any CPU
		{40026E43-CB8A-4B0C-A727-A997C81BF2B8}.Debug|Any CPU.Deploy.0 = Debug|Any CPU
		{40026E43-CB8A-4B0C-A727-A997C81BF2B8}.Release|Any CPU.ActiveCfg = Release|Any CPU
		{40026E43-CB8A-4B0C-A727-A997C81BF2B8}.Release|Any CPU.Build.0 = Release|Any CPU
		{40026E43-CB8A-4B0C-A727-A997C81BF2B8}.Release|Any CPU.Deploy.0 = Release|Any CPU
		{1DC3729E-0E40-491B-B76B-8413EFF5E526}.Debug|Any CPU.ActiveCfg = Debug|Any CPU
		{1DC3729E-0E40-491B-B76B-8413EFF5E526}.Debug|Any CPU.Build.0 = Debug|Any CPU
		{1DC3729E-0E40-491B-B76B-8413EFF5E526}.Release|Any CPU.ActiveCfg = Release|Any CPU
		{1DC3729E-0E40-491B-B76B-8413EFF5E526}.Release|Any CPU.Build.0 = Release|Any CPU
	EndGlobalSection
	GlobalSection(SolutionProperties) = preSolution
		HideSolutionNode = FALSE
	EndGlobalSection
	GlobalSection(NestedProjects) = preSolution
		{976A9DE6-7667-4483-AD68-3B730762F1BC} = {064FD932-FF5F-471B-9F50-EA2115ACE53F}
		{40886AA2-5A19-46F9-B21A-EBD99230259B} = {064FD932-FF5F-471B-9F50-EA2115ACE53F}
		{4C248DF4-3172-4CAF-A6C7-230ED88617EB} = {40886AA2-5A19-46F9-B21A-EBD99230259B}
		{A45CEC2B-F3FB-4014-84C1-914B503DD214} = {40886AA2-5A19-46F9-B21A-EBD99230259B}
		{638AFD1E-C944-4394-863A-F93AED510F4B} = {40886AA2-5A19-46F9-B21A-EBD99230259B}
		{41B79969-065A-4A18-B686-9FBC1F4DB979} = {40886AA2-5A19-46F9-B21A-EBD99230259B}
		{DE7FD5D7-5BCF-4245-8E95-22F766A5DC49} = {40886AA2-5A19-46F9-B21A-EBD99230259B}
		{B11D98EE-11BE-489E-AFBA-318329BAF364} = {4C248DF4-3172-4CAF-A6C7-230ED88617EB}
		{B41F4BA8-E037-4F3B-A707-9EBE5F211084} = {A45CEC2B-F3FB-4014-84C1-914B503DD214}
		{CD4E3914-704A-44EF-8E49-8AAC808EF6A6} = {638AFD1E-C944-4394-863A-F93AED510F4B}
		{46B6F35E-E371-4C4C-9BED-91254E11FEFB} = {41B79969-065A-4A18-B686-9FBC1F4DB979}
		{9E5707BC-6E7B-4FDA-AD4C-6AE1AC5F6408} = {DE7FD5D7-5BCF-4245-8E95-22F766A5DC49}
		{40026E43-CB8A-4B0C-A727-A997C81BF2B8} = {976A9DE6-7667-4483-AD68-3B730762F1BC}
		{FD3999B5-9E28-4433-B990-D831D80B426A} = {3CFB4F39-F17F-4B7A-872A-44472BA98933}
		{1EE376E7-4366-4265-BEE0-A5DF31B616A5} = {3CFB4F39-F17F-4B7A-872A-44472BA98933}
		{1DC3729E-0E40-491B-B76B-8413EFF5E526} = {FD3999B5-9E28-4433-B990-D831D80B426A}
	EndGlobalSection
	GlobalSection(ExtensibilityGlobals) = postSolution
		SolutionGuid = {5826C414-8D8C-4EEC-B420-586183C030E5}
	EndGlobalSection
EndGlobal
